
Microsoft Visual Studio Solution File, Format Version 12.00
# Visual Studio Version 16
VisualStudioVersion = 16.0.31105.61
MinimumVisualStudioVersion = 10.0.40219.1
Project("{FAE04EC0-301F-11D3-BF4B-00C04F79EFBC}") = "Number_Guessing", "Number_Guessing\Number_Guessing.csproj", "{92887AF3-1B68-4D72-9CB0-67365F73E5C3}"
EndProject
Global
	GlobalSection(SolutionConfigurationPlatforms) = preSolution
		Debug|Any CPU = Debug|Any CPU
		Release|Any CPU = Release|Any CPU
	EndGlobalSection
	GlobalSection(ProjectConfigurationPlatforms) = postSolution
		{92887AF3-1B68-4D72-9CB0-67365F73E5C3}.Debug|Any CPU.ActiveCfg = Debug|Any CPU
		{92887AF3-1B68-4D72-9CB0-67365F73E5C3}.Debug|Any CPU.Build.0 = Debug|Any CPU
		{92887AF3-1B68-4D72-9CB0-67365F73E5C3}.Release|Any CPU.ActiveCfg = Release|Any CPU
		{92887AF3-1B68-4D72-9CB0-67365F73E5C3}.Release|Any CPU.Build.0 = Release|Any CPU
	EndGlobalSection
	GlobalSection(SolutionProperties) = preSolution
		HideSolutionNode = FALSE
	EndGlobalSection
	GlobalSection(ExtensibilityGlobals) = postSolution
		SolutionGuid = {FD425A7A-CD7F-4C3E-B22D-8FC5A6355329}
	EndGlobalSection
EndGlobal
